
Microsoft Visual Studio Solution File, Format Version 12.00
# Visual Studio 14
VisualStudioVersion = 14.0.25420.1
MinimumVisualStudioVersion = 10.0.40219.1
Project("{FAE04EC0-301F-11D3-BF4B-00C04F79EFBC}") = "Demo", "Demo.csproj", "{EF97F4F2-2A4B-40F0-8C2C-B6E2DF331EED}"
EndProject
Project("{2150E333-8FDC-42A3-9474-1A3956D46DE8}") = "Content", "Content", "{B4D0F3B1-A543-44BE-BF4B-6C89734D2677}"
	ProjectSection(SolutionItems) = preProject
		..\license.md = ..\license.md
		..\README.md = ..\README.md
	EndProjectSection
EndProject
Global
	GlobalSection(SolutionConfigurationPlatforms) = preSolution
		Debug|Any CPU = Debug|Any CPU
		Release|Any CPU = Release|Any CPU
	EndGlobalSection
	GlobalSection(ProjectConfigurationPlatforms) = postSolution
		{EF97F4F2-2A4B-40F0-8C2C-B6E2DF331EED}.Debug|Any CPU.ActiveCfg = Debug|Any CPU
		{EF97F4F2-2A4B-40F0-8C2C-B6E2DF331EED}.Debug|Any CPU.Build.0 = Debug|Any CPU
		{EF97F4F2-2A4B-40F0-8C2C-B6E2DF331EED}.Release|Any CPU.ActiveCfg = Release|Any CPU
		{EF97F4F2-2A4B-40F0-8C2C-B6E2DF331EED}.Release|Any CPU.Build.0 = Release|Any CPU
	EndGlobalSection
	GlobalSection(SolutionProperties) = preSolution
		HideSolutionNode = FALSE
	EndGlobalSection
EndGlobal
